
Microsoft Visual Studio Solution File, Format Version 12.00
# Visual Studio 15
VisualStudioVersion = 15.0.26124.0
MinimumVisualStudioVersion = 15.0.26124.0
Project("{FAE04EC0-301F-11D3-BF4B-00C04F79EFBC}") = "WebApiSample.Api", "WebApiSample.Api\WebApiSample.Api.csproj", "{31803F51-F636-42B4-B383-A3A3EC6426F4}"
EndProject
Project("{FAE04EC0-301F-11D3-BF4B-00C04F79EFBC}") = "WebApiSample.Api.Tests", "WebApiSample.Api.Tests\WebApiSample.Api.Tests.csproj", "{091F43E1-4596-4D6E-8159-CB45CC9894BC}"
EndProject
Global
	GlobalSection(SolutionConfigurationPlatforms) = preSolution
		Debug|Any CPU = Debug|Any CPU
		Debug|x64 = Debug|x64
		Debug|x86 = Debug|x86
		Release|Any CPU = Release|Any CPU
		Release|x64 = Release|x64
		Release|x86 = Release|x86
	EndGlobalSection
	GlobalSection(SolutionProperties) = preSolution
		HideSolutionNode = FALSE
	EndGlobalSection
	GlobalSection(ProjectConfigurationPlatforms) = postSolution
		{31803F51-F636-42B4-B383-A3A3EC6426F4}.Debug|Any CPU.ActiveCfg = Debug|Any CPU
		{31803F51-F636-42B4-B383-A3A3EC6426F4}.Debug|Any CPU.Build.0 = Debug|Any CPU
		{31803F51-F636-42B4-B383-A3A3EC6426F4}.Debug|x64.ActiveCfg = Debug|Any CPU
		{31803F51-F636-42B4-B383-A3A3EC6426F4}.Debug|x64.Build.0 = Debug|Any CPU
		{31803F51-F636-42B4-B383-A3A3EC6426F4}.Debug|x86.ActiveCfg = Debug|Any CPU
		{31803F51-F636-42B4-B383-A3A3EC6426F4}.Debug|x86.Build.0 = Debug|Any CPU
		{31803F51-F636-42B4-B383-A3A3EC6426F4}.Release|Any CPU.ActiveCfg = Release|Any CPU
		{31803F51-F636-42B4-B383-A3A3EC6426F4}.Release|Any CPU.Build.0 = Release|Any CPU
		{31803F51-F636-42B4-B383-A3A3EC6426F4}.Release|x64.ActiveCfg = Release|Any CPU
		{31803F51-F636-42B4-B383-A3A3EC6426F4}.Release|x64.Build.0 = Release|Any CPU
		{31803F51-F636-42B4-B383-A3A3EC6426F4}.Release|x86.ActiveCfg = Release|Any CPU
		{31803F51-F636-42B4-B383-A3A3EC6426F4}.Release|x86.Build.0 = Release|Any CPU
		{091F43E1-4596-4D6E-8159-CB45CC9894BC}.Debug|Any CPU.ActiveCfg = Debug|Any CPU
		{091F43E1-4596-4D6E-8159-CB45CC9894BC}.Debug|Any CPU.Build.0 = Debug|Any CPU
		{091F43E1-4596-4D6E-8159-CB45CC9894BC}.Debug|x64.ActiveCfg = Debug|Any CPU
		{091F43E1-4596-4D6E-8159-CB45CC9894BC}.Debug|x64.Build.0 = Debug|Any CPU
		{091F43E1-4596-4D6E-8159-CB45CC9894BC}.Debug|x86.ActiveCfg = Debug|Any CPU
		{091F43E1-4596-4D6E-8159-CB45CC9894BC}.Debug|x86.Build.0 = Debug|Any CPU
		{091F43E1-4596-4D6E-8159-CB45CC9894BC}.Release|Any CPU.ActiveCfg = Release|Any CPU
		{091F43E1-4596-4D6E-8159-CB45CC9894BC}.Release|Any CPU.Build.0 = Release|Any CPU
		{091F43E1-4596-4D6E-8159-CB45CC9894BC}.Release|x64.ActiveCfg = Release|Any CPU
		{091F43E1-4596-4D6E-8159-CB45CC9894BC}.Release|x64.Build.0 = Release|Any CPU
		{091F43E1-4596-4D6E-8159-CB45CC9894BC}.Release|x86.ActiveCfg = Release|Any CPU
		{091F43E1-4596-4D6E-8159-CB45CC9894BC}.Release|x86.Build.0 = Release|Any CPU
	EndGlobalSection
EndGlobal
